
Microsoft Visual Studio Solution File, Format Version 12.00
# Visual Studio Version 16
VisualStudioVersion = 16.0.30225.117
MinimumVisualStudioVersion = 10.0.40219.1
Project("{FAE04EC0-301F-11D3-BF4B-00C04F79EFBC}") = "GitDemo", "GitDemo\GitDemo.csproj", "{4B7DF0B6-6447-4BA9-9582-7D24AEC26545}"
EndProject
Global
	GlobalSection(SolutionConfigurationPlatforms) = preSolution
		Debug|Any CPU = Debug|Any CPU
		Release|Any CPU = Release|Any CPU
	EndGlobalSection
	GlobalSection(ProjectConfigurationPlatforms) = postSolution
		{4B7DF0B6-6447-4BA9-9582-7D24AEC26545}.Debug|Any CPU.ActiveCfg = Debug|Any CPU
		{4B7DF0B6-6447-4BA9-9582-7D24AEC26545}.Debug|Any CPU.Build.0 = Debug|Any CPU
		{4B7DF0B6-6447-4BA9-9582-7D24AEC26545}.Release|Any CPU.ActiveCfg = Release|Any CPU
		{4B7DF0B6-6447-4BA9-9582-7D24AEC26545}.Release|Any CPU.Build.0 = Release|Any CPU
	EndGlobalSection
	GlobalSection(SolutionProperties) = preSolution
		HideSolutionNode = FALSE
	EndGlobalSection
	GlobalSection(ExtensibilityGlobals) = postSolution
		SolutionGuid = {8616D5FD-169B-4C29-950D-496968E68CE1}
	EndGlobalSection
EndGlobal
